// !$*UTF8*$!
{
	archiveVersion = 1;
	classes = {
	};
	objectVersion = 55;
	objects = {

/* Begin PBXBuildFile section */
		8A5CEF51282D9EED00B1B1C9 /* iChatApp.swift in Sources */ = {isa = PBXBuildFile; fileRef = 8A5CEF50282D9EED00B1B1C9 /* iChatApp.swift */; };
		8A5CEF53282D9EED00B1B1C9 /* ContentView.swift in Sources */ = {isa = PBXBuildFile; fileRef = 8A5CEF52282D9EED00B1B1C9 /* ContentView.swift */; };
		8A5CEF55282D9EF300B1B1C9 /* Assets.xcassets in Resources */ = {isa = PBXBuildFile; fileRef = 8A5CEF54282D9EF300B1B1C9 /* Assets.xcassets */; };
		8A5CEF58282D9EF300B1B1C9 /* Preview Assets.xcassets in Resources */ = {isa = PBXBuildFile; fileRef = 8A5CEF57282D9EF300B1B1C9 /* Preview Assets.xcassets */; };
		8A5CEF62282D9EF300B1B1C9 /* iChatTests.swift in Sources */ = {isa = PBXBuildFile; fileRef = 8A5CEF61282D9EF300B1B1C9 /* iChatTests.swift */; };
		8A5CEF6C282D9EF300B1B1C9 /* iChatUITests.swift in Sources */ = {isa = PBXBuildFile; fileRef = 8A5CEF6B282D9EF300B1B1C9 /* iChatUITests.swift */; };
		8A5CEF6E282D9EF300B1B1C9 /* iChatUITestsLaunchTests.swift in Sources */ = {isa = PBXBuildFile; fileRef = 8A5CEF6D282D9EF300B1B1C9 /* iChatUITestsLaunchTests.swift */; };
/* End PBXBuildFile section */

/* Begin PBXContainerItemProxy section */
		8A5CEF5E282D9EF300B1B1C9 /* PBXContainerItemProxy */ = {
			isa = PBXContainerItemProxy;
			containerPortal = 8A5CEF45282D9EED00B1B1C9 /* Project object */;
			proxyType = 1;
			remoteGlobalIDString = 8A5CEF4C282D9EED00B1B1C9;
			remoteInfo = iChat;
		};
		8A5CEF68282D9EF300B1B1C9 /* PBXContainerItemProxy */ = {
			isa = PBXContainerItemProxy;
			containerPortal = 8A5CEF45282D9EED00B1B1C9 /* Project object */;
			proxyType = 1;
			remoteGlobalIDString = 8A5CEF4C282D9EED00B1B1C9;
			remoteInfo = iChat;
		};
/* End PBXContainerItemProxy section */

/* Begin PBXFileReference section */
		8A5CEF4D282D9EED00B1B1C9 /* iChat.app */ = {isa = PBXFileReference; explicitFileType = wrapper.application; includeInIndex = 0; path = iChat.app; sourceTree = BUILT_PRODUCTS_DIR; };
		8A5CEF50282D9EED00B1B1C9 /* iChatApp.swift */ = {isa = PBXFileReference; lastKnownFileType = sourcecode.swift; path = iChatApp.swift; sourceTree = "<group>"; };
		8A5CEF52282D9EED00B1B1C9 /* ContentView.swift */ = {isa = PBXFileReference; lastKnownFileType = sourcecode.swift; path = ContentView.swift; sourceTree = "<group>"; };
		8A5CEF54282D9EF300B1B1C9 /* Assets.xcassets */ = {isa = PBXFileReference; lastKnownFileType = folder.assetcatalog; path = Assets.xcassets; sourceTree = "<group>"; };
		8A5CEF57282D9EF300B1B1C9 /* Preview Assets.xcassets */ = {isa = PBXFileReference; lastKnownFileType = folder.assetcatalog; path = "Preview Assets.xcassets"; sourceTree = "<group>"; };
		8A5CEF5D282D9EF300B1B1C9 /* iChatTests.xctest */ = {isa = PBXFileReference; explicitFileType = wrapper.cfbundle; includeInIndex = 0; path = iChatTests.xctest; sourceTree = BUILT_PRODUCTS_DIR; };
		8A5CEF61282D9EF300B1B1C9 /* iChatTests.swift */ = {isa = PBXFileReference; lastKnownFileType = sourcecode.swift; path = iChatTests.swift; sourceTree = "<group>"; };
		8A5CEF67282D9EF300B1B1C9 /* iChatUITests.xctest */ = {isa = PBXFileReference; explicitFileType = wrapper.cfbundle; includeInIndex = 0; path = iChatUITests.xctest; sourceTree = BUILT_PRODUCTS_DIR; };
		8A5CEF6B282D9EF300B1B1C9 /* iChatUITests.swift */ = {isa = PBXFileReference; lastKnownFileType = sourcecode.swift; path = iChatUITests.swift; sourceTree = "<group>"; };
		8A5CEF6D282D9EF300B1B1C9 /* iChatUITestsLaunchTests.swift */ = {isa = PBXFileReference; lastKnownFileType = sourcecode.swift; path = iChatUITestsLaunchTests.swift; sourceTree = "<group>"; };
/* End PBXFileReference section */

/* Begin PBXFrameworksBuildPhase section */
		8A5CEF4A282D9EED00B1B1C9 /* Frameworks */ = {
			isa = PBXFrameworksBuildPhase;
			buildActionMask = 2147483647;
			files = (
			);
			runOnlyForDeploymentPostprocessing = 0;
		};
		8A5CEF5A282D9EF300B1B1C9 /* Frameworks */ = {
			isa = PBXFrameworksBuildPhase;
			buildActionMask = 2147483647;
			files = (
			);
			runOnlyForDeploymentPostprocessing = 0;
		};
		8A5CEF64282D9EF300B1B1C9 /* Frameworks */ = {
			isa = PBXFrameworksBuildPhase;
			buildActionMask = 2147483647;
			files = (
			);
			runOnlyForDeploymentPostprocessing = 0;
		};
/* End PBXFrameworksBuildPhase section */

/* Begin PBXGroup section */
		8A5CEF44282D9EED00B1B1C9 = {
			isa = PBXGroup;
			children = (
				8A5CEF4F282D9EED00B1B1C9 /* iChat */,
				8A5CEF60282D9EF300B1B1C9 /* iChatTests */,
				8A5CEF6A282D9EF300B1B1C9 /* iChatUITests */,
				8A5CEF4E282D9EED00B1B1C9 /* Products */,
			);
			sourceTree = "<group>";
		};
		8A5CEF4E282D9EED00B1B1C9 /* Products */ = {
			isa = PBXGroup;
			children = (
				8A5CEF4D282D9EED00B1B1C9 /* iChat.app */,
				8A5CEF5D282D9EF300B1B1C9 /* iChatTests.xctest */,
				8A5CEF67282D9EF300B1B1C9 /* iChatUITests.xctest */,
			);
			name = Products;
			sourceTree = "<group>";
		};
		8A5CEF4F282D9EED00B1B1C9 /* iChat */ = {
			isa = PBXGroup;
			children = (
				8A5CEF50282D9EED00B1B1C9 /* iChatApp.swift */,
				8A5CEF52282D9EED00B1B1C9 /* ContentView.swift */,
				8A5CEF54282D9EF300B1B1C9 /* Assets.xcassets */,
				8A5CEF56282D9EF300B1B1C9 /* Preview Content */,
			);
			path = iChat;
			sourceTree = "<group>";
		};
		8A5CEF56282D9EF300B1B1C9 /* Preview Content */ = {
			isa = PBXGroup;
			children = (
				8A5CEF57282D9EF300B1B1C9 /* Preview Assets.xcassets */,
			);
			path = "Preview Content";
			sourceTree = "<group>";
		};
		8A5CEF60282D9EF300B1B1C9 /* iChatTests */ = {
			isa = PBXGroup;
			children = (
				8A5CEF61282D9EF300B1B1C9 /* iChatTests.swift */,
			);
			path = iChatTests;
			sourceTree = "<group>";
		};
		8A5CEF6A282D9EF300B1B1C9 /* iChatUITests */ = {
			isa = PBXGroup;
			children = (
				8A5CEF6B282D9EF300B1B1C9 /* iChatUITests.swift */,
				8A5CEF6D282D9EF300B1B1C9 /* iChatUITestsLaunchTests.swift */,
			);
			path = iChatUITests;
			sourceTree = "<group>";
		};
/* End PBXGroup section */

/* Begin PBXNativeTarget section */
		8A5CEF4C282D9EED00B1B1C9 /* iChat */ = {
			isa = PBXNativeTarget;
			buildConfigurationList = 8A5CEF71282D9EF300B1B1C9 /* Build configuration list for PBXNativeTarget "iChat" */;
			buildPhases = (
				8A5CEF49282D9EED00B1B1C9 /* Sources */,
				8A5CEF4A282D9EED00B1B1C9 /* Frameworks */,
				8A5CEF4B282D9EED00B1B1C9 /* Resources */,
			);
			buildRules = (
			);
			dependencies = (
			);
			name = iChat;
			productName = iChat;
			productReference = 8A5CEF4D282D9EED00B1B1C9 /* iChat.app */;
			productType = "com.apple.product-type.application";
		};
		8A5CEF5C282D9EF300B1B1C9 /* iChatTests */ = {
			isa = PBXNativeTarget;
			buildConfigurationList = 8A5CEF74282D9EF300B1B1C9 /* Build configuration list for PBXNativeTarget "iChatTests" */;
			buildPhases = (
				8A5CEF59282D9EF300B1B1C9 /* Sources */,
				8A5CEF5A282D9EF300B1B1C9 /* Frameworks */,
				8A5CEF5B282D9EF300B1B1C9 /* Resources */,
			);
			buildRules = (
			);
			dependencies = (
				8A5CEF5F282D9EF300B1B1C9 /* PBXTargetDependency */,
			);
			name = iChatTests;
			productName = iChatTests;
			productReference = 8A5CEF5D282D9EF300B1B1C9 /* iChatTests.xctest */;
			productType = "com.apple.product-type.bundle.unit-test";
		};
		8A5CEF66282D9EF300B1B1C9 /* iChatUITests */ = {
			isa = PBXNativeTarget;
			buildConfigurationList = 8A5CEF77282D9EF300B1B1C9 /* Build configuration list for PBXNativeTarget "iChatUITests" */;
			buildPhases = (
				8A5CEF63282D9EF300B1B1C9 /* Sources */,
				8A5CEF64282D9EF300B1B1C9 /* Frameworks */,
				8A5CEF65282D9EF300B1B1C9 /* Resources */,
			);
			buildRules = (
			);
			dependencies = (
				8A5CEF69282D9EF300B1B1C9 /* PBXTargetDependency */,
			);
			name = iChatUITests;
			productName = iChatUITests;
			productReference = 8A5CEF67282D9EF300B1B1C9 /* iChatUITests.xctest */;
			productType = "com.apple.product-type.bundle.ui-testing";
		};
/* End PBXNativeTarget section */

/* Begin PBXProject section */
		8A5CEF45282D9EED00B1B1C9 /* Project object */ = {
			isa = PBXProject;
			attributes = {
				BuildIndependentTargetsInParallel = 1;
				LastSwiftUpdateCheck = 1330;
				LastUpgradeCheck = 1330;
				TargetAttributes = {
					8A5CEF4C282D9EED00B1B1C9 = {
						CreatedOnToolsVersion = 13.3.1;
					};
					8A5CEF5C282D9EF300B1B1C9 = {
						CreatedOnToolsVersion = 13.3.1;
						TestTargetID = 8A5CEF4C282D9EED00B1B1C9;
					};
					8A5CEF66282D9EF300B1B1C9 = {
						CreatedOnToolsVersion = 13.3.1;
						TestTargetID = 8A5CEF4C282D9EED00B1B1C9;
					};
				};
			};
			buildConfigurationList = 8A5CEF48282D9EED00B1B1C9 /* Build configuration list for PBXProject "iChat" */;
			compatibilityVersion = "Xcode 13.0";
			developmentRegion = en;
			hasScannedForEncodings = 0;
			knownRegions = (
				en,
				Base,
			);
			mainGroup = 8A5CEF44282D9EED00B1B1C9;
			productRefGroup = 8A5CEF4E282D9EED00B1B1C9 /* Products */;
			projectDirPath = "";
			projectRoot = "";
			targets = (
				8A5CEF4C282D9EED00B1B1C9 /* iChat */,
				8A5CEF5C282D9EF300B1B1C9 /* iChatTests */,
				8A5CEF66282D9EF300B1B1C9 /* iChatUITests */,
			);
		};
/* End PBXProject section */

/* Begin PBXResourcesBuildPhase section */
		8A5CEF4B282D9EED00B1B1C9 /* Resources */ = {
			isa = PBXResourcesBuildPhase;
			buildActionMask = 2147483647;
			files = (
				8A5CEF58282D9EF300B1B1C9 /* Preview Assets.xcassets in Resources */,
				8A5CEF55282D9EF300B1B1C9 /* Assets.xcassets in Resources */,
			);
			runOnlyForDeploymentPostprocessing = 0;
		};
		8A5CEF5B282D9EF300B1B1C9 /* Resources */ = {
			isa = PBXResourcesBuildPhase;
			buildActionMask = 2147483647;
			files = (
			);
			runOnlyForDeploymentPostprocessing = 0;
		};
		8A5CEF65282D9EF300B1B1C9 /* Resources */ = {
			isa = PBXResourcesBuildPhase;
			buildActionMask = 2147483647;
			files = (
			);
			runOnlyForDeploymentPostprocessing = 0;
		};
/* End PBXResourcesBuildPhase section */

/* Begin PBXSourcesBuildPhase section */
		8A5CEF49282D9EED00B1B1C9 /* Sources */ = {
			isa = PBXSourcesBuildPhase;
			buildActionMask = 2147483647;
			files = (
				8A5CEF53282D9EED00B1B1C9 /* ContentView.swift in Sources */,
				8A5CEF51282D9EED00B1B1C9 /* iChatApp.swift in Sources */,
			);
			runOnlyForDeploymentPostprocessing = 0;
		};
		8A5CEF59282D9EF300B1B1C9 /* Sources */ = {
			isa = PBXSourcesBuildPhase;
			buildActionMask = 2147483647;
			files = (
				8A5CEF62282D9EF300B1B1C9 /* iChatTests.swift in Sources */,
			);
			runOnlyForDeploymentPostprocessing = 0;
		};
		8A5CEF63282D9EF300B1B1C9 /* Sources */ = {
			isa = PBXSourcesBuildPhase;
			buildActionMask = 2147483647;
			files = (
				8A5CEF6E282D9EF300B1B1C9 /* iChatUITestsLaunchTests.swift in Sources */,
				8A5CEF6C282D9EF300B1B1C9 /* iChatUITests.swift in Sources */,
			);
			runOnlyForDeploymentPostprocessing = 0;
		};
/* End PBXSourcesBuildPhase section */

/* Begin PBXTargetDependency section */
		8A5CEF5F282D9EF300B1B1C9 /* PBXTargetDependency */ = {
			isa = PBXTargetDependency;
			target = 8A5CEF4C282D9EED00B1B1C9 /* iChat */;
			targetProxy = 8A5CEF5E282D9EF300B1B1C9 /* PBXContainerItemProxy */;
		};
		8A5CEF69282D9EF300B1B1C9 /* PBXTargetDependency */ = {
			isa = PBXTargetDependency;
			target = 8A5CEF4C282D9EED00B1B1C9 /* iChat */;
			targetProxy = 8A5CEF68282D9EF300B1B1C9 /* PBXContainerItemProxy */;
		};
/* End PBXTargetDependency section */

/* Begin XCBuildConfiguration section */
		8A5CEF6F282D9EF300B1B1C9 /* Debug */ = {
			isa = XCBuildConfiguration;
			buildSettings = {
				ALWAYS_SEARCH_USER_PATHS = NO;
				CLANG_ANALYZER_NONNULL = YES;
				CLANG_ANALYZER_NUMBER_OBJECT_CONVERSION = YES_AGGRESSIVE;
				CLANG_CXX_LANGUAGE_STANDARD = "gnu++17";
				CLANG_ENABLE_MODULES = YES;
				CLANG_ENABLE_OBJC_ARC = YES;
				CLANG_ENABLE_OBJC_WEAK = YES;
				CLANG_WARN_BLOCK_CAPTURE_AUTORELEASING = YES;
				CLANG_WARN_BOOL_CONVERSION = YES;
				CLANG_WARN_COMMA = YES;
				CLANG_WARN_CONSTANT_CONVERSION = YES;
				CLANG_WARN_DEPRECATED_OBJC_IMPLEMENTATIONS = YES;
				CLANG_WARN_DIRECT_OBJC_ISA_USAGE = YES_ERROR;
				CLANG_WARN_DOCUMENTATION_COMMENTS = YES;
				CLANG_WARN_EMPTY_BODY = YES;
				CLANG_WARN_ENUM_CONVERSION = YES;
				CLANG_WARN_INFINITE_RECURSION = YES;
				CLANG_WARN_INT_CONVERSION = YES;
				CLANG_WARN_NON_LITERAL_NULL_CONVERSION = YES;
				CLANG_WARN_OBJC_IMPLICIT_RETAIN_SELF = YES;
				CLANG_WARN_OBJC_LITERAL_CONVERSION = YES;
				CLANG_WARN_OBJC_ROOT_CLASS = YES_ERROR;
				CLANG_WARN_QUOTED_INCLUDE_IN_FRAMEWORK_HEADER = YES;
				CLANG_WARN_RANGE_LOOP_ANALYSIS = YES;
				CLANG_WARN_STRICT_PROTOTYPES = YES;
				CLANG_WARN_SUSPICIOUS_MOVE = YES;
				CLANG_WARN_UNGUARDED_AVAILABILITY = YES_AGGRESSIVE;
				CLANG_WARN_UNREACHABLE_CODE = YES;
				CLANG_WARN__DUPLICATE_METHOD_MATCH = YES;
				COPY_PHASE_STRIP = NO;
				DEBUG_INFORMATION_FORMAT = dwarf;
				ENABLE_STRICT_OBJC_MSGSEND = YES;
				ENABLE_TESTABILITY = YES;
				GCC_C_LANGUAGE_STANDARD = gnu11;
				GCC_DYNAMIC_NO_PIC = NO;
				GCC_NO_COMMON_BLOCKS = YES;
				GCC_OPTIMIZATION_LEVEL = 0;
				GCC_PREPROCESSOR_DEFINITIONS = (
					"DEBUG=1",
					"$(inherited)",
				);
				GCC_WARN_64_TO_32_BIT_CONVERSION = YES;
				GCC_WARN_ABOUT_RETURN_TYPE = YES_ERROR;
				GCC_WARN_UNDECLARED_SELECTOR = YES;
				GCC_WARN_UNINITIALIZED_AUTOS = YES_AGGRESSIVE;
				GCC_WARN_UNUSED_FUNCTION = YES;
				GCC_WARN_UNUSED_VARIABLE = YES;
				IPHONEOS_DEPLOYMENT_TARGET = 15.4;
				MTL_ENABLE_DEBUG_INFO = INCLUDE_SOURCE;
				MTL_FAST_MATH = YES;
				ONLY_ACTIVE_ARCH = YES;
				SDKROOT = iphoneos;
				SWIFT_ACTIVE_COMPILATION_CONDITIONS = DEBUG;
				SWIFT_OPTIMIZATION_LEVEL = "-Onone";
			};
			name = Debug;
		};
		8A5CEF70282D9EF300B1B1C9 /* Release */ = {
			isa = XCBuildConfiguration;
			buildSettings = {
				ALWAYS_SEARCH_USER_PATHS = NO;
				CLANG_ANALYZER_NONNULL = YES;
				CLANG_ANALYZER_NUMBER_OBJECT_CONVERSION = YES_AGGRESSIVE;
				CLANG_CXX_LANGUAGE_STANDARD = "gnu++17";
				CLANG_ENABLE_MODULES = YES;
				CLANG_ENABLE_OBJC_ARC = YES;
				CLANG_ENABLE_OBJC_WEAK = YES;
				CLANG_WARN_BLOCK_CAPTURE_AUTORELEASING = YES;
				CLANG_WARN_BOOL_CONVERSION = YES;
				CLANG_WARN_COMMA = YES;
				CLANG_WARN_CONSTANT_CONVERSION = YES;
				CLANG_WARN_DEPRECATED_OBJC_IMPLEMENTATIONS = YES;
				CLANG_WARN_DIRECT_OBJC_ISA_USAGE = YES_ERROR;
				CLANG_WARN_DOCUMENTATION_COMMENTS = YES;
				CLANG_WARN_EMPTY_BODY = YES;
				CLANG_WARN_ENUM_CONVERSION = YES;
				CLANG_WARN_INFINITE_RECURSION = YES;
				CLANG_WARN_INT_CONVERSION = YES;
				CLANG_WARN_NON_LITERAL_NULL_CONVERSION = YES;
				CLANG_WARN_OBJC_IMPLICIT_RETAIN_SELF = YES;
				CLANG_WARN_OBJC_LITERAL_CONVERSION = YES;
				CLANG_WARN_OBJC_ROOT_CLASS = YES_ERROR;
				CLANG_WARN_QUOTED_INCLUDE_IN_FRAMEWORK_HEADER = YES;
				CLANG_WARN_RANGE_LOOP_ANALYSIS = YES;
				CLANG_WARN_STRICT_PROTOTYPES = YES;
				CLANG_WARN_SUSPICIOUS_MOVE = YES;
				CLANG_WARN_UNGUARDED_AVAILABILITY = YES_AGGRESSIVE;
				CLANG_WARN_UNREACHABLE_CODE = YES;
				CLANG_WARN__DUPLICATE_METHOD_MATCH = YES;
				COPY_PHASE_STRIP = NO;
				DEBUG_INFORMATION_FORMAT = "dwarf-with-dsym";
				ENABLE_NS_ASSERTIONS = NO;
				ENABLE_STRICT_OBJC_MSGSEND = YES;
				GCC_C_LANGUAGE_STANDARD = gnu11;
				GCC_NO_COMMON_BLOCKS = YES;
				GCC_WARN_64_TO_32_BIT_CONVERSION = YES;
				GCC_WARN_ABOUT_RETURN_TYPE = YES_ERROR;
				GCC_WARN_UNDECLARED_SELECTOR = YES;
				GCC_WARN_UNINITIALIZED_AUTOS = YES_AGGRESSIVE;
				GCC_WARN_UNUSED_FUNCTION = YES;
				GCC_WARN_UNUSED_VARIABLE = YES;
				IPHONEOS_DEPLOYMENT_TARGET = 15.4;
				MTL_ENABLE_DEBUG_INFO = NO;
				MTL_FAST_MATH = YES;
				SDKROOT = iphoneos;
				SWIFT_COMPILATION_MODE = wholemodule;
				SWIFT_OPTIMIZATION_LEVEL = "-O";
				VALIDATE_PRODUCT = YES;
			};
			name = Release;
		};
		8A5CEF72282D9EF300B1B1C9 /* Debug */ = {
			isa = XCBuildConfiguration;
			buildSettings = {
				ASSETCATALOG_COMPILER_APPICON_NAME = AppIcon;
				ASSETCATALOG_COMPILER_GLOBAL_ACCENT_COLOR_NAME = AccentColor;
				CODE_SIGN_STYLE = Automatic;
				CURRENT_PROJECT_VERSION = 1;
				DEVELOPMENT_ASSET_PATHS = "\"iChat/Preview Content\"";
				DEVELOPMENT_TEAM = DGAMH8W8K9;
				ENABLE_PREVIEWS = YES;
				GENERATE_INFOPLIST_FILE = YES;
				INFOPLIST_KEY_UIApplicationSceneManifest_Generation = YES;
				INFOPLIST_KEY_UIApplicationSupportsIndirectInputEvents = YES;
				INFOPLIST_KEY_UILaunchScreen_Generation = YES;
				INFOPLIST_KEY_UISupportedInterfaceOrientations_iPad = "UIInterfaceOrientationPortrait UIInterfaceOrientationPortraitUpsideDown UIInterfaceOrientationLandscapeLeft UIInterfaceOrientationLandscapeRight";
				INFOPLIST_KEY_UISupportedInterfaceOrientations_iPhone = "UIInterfaceOrientationPortrait UIInterfaceOrientationLandscapeLeft UIInterfaceOrientationLandscapeRight";
				LD_RUNPATH_SEARCH_PATHS = (
					"$(inherited)",
					"@executable_path/Frameworks",
				);
				MARKETING_VERSION = 1.0;
				PRODUCT_BUNDLE_IDENTIFIER = mikawaii.com.br.iChat;
				PRODUCT_NAME = "$(TARGET_NAME)";
				SWIFT_EMIT_LOC_STRINGS = YES;
				SWIFT_VERSION = 5.0;
				TARGETED_DEVICE_FAMILY = "1,2";
			};
			name = Debug;
		};
		8A5CEF73282D9EF300B1B1C9 /* Release */ = {
			isa = XCBuildConfiguration;
			buildSettings = {
				ASSETCATALOG_COMPILER_APPICON_NAME = AppIcon;
				ASSETCATALOG_COMPILER_GLOBAL_ACCENT_COLOR_NAME = AccentColor;
				CODE_SIGN_STYLE = Automatic;
				CURRENT_PROJECT_VERSION = 1;
				DEVELOPMENT_ASSET_PATHS = "\"iChat/Preview Content\"";
				DEVELOPMENT_TEAM = DGAMH8W8K9;
				ENABLE_PREVIEWS = YES;
				GENERATE_INFOPLIST_FILE = YES;
				INFOPLIST_KEY_UIApplicationSceneManifest_Generation = YES;
				INFOPLIST_KEY_UIApplicationSupportsIndirectInputEvents = YES;
				INFOPLIST_KEY_UILaunchScreen_Generation = YES;
				INFOPLIST_KEY_UISupportedInterfaceOrientations_iPad = "UIInterfaceOrientationPortrait UIInterfaceOrientationPortraitUpsideDown UIInterfaceOrientationLandscapeLeft UIInterfaceOrientationLandscapeRight";
				INFOPLIST_KEY_UISupportedInterfaceOrientations_iPhone = "UIInterfaceOrientationPortrait UIInterfaceOrientationLandscapeLeft UIInterfaceOrientationLandscapeRight";
				LD_RUNPATH_SEARCH_PATHS = (
					"$(inherited)",
					"@executable_path/Frameworks",
				);
				MARKETING_VERSION = 1.0;
				PRODUCT_BUNDLE_IDENTIFIER = mikawaii.com.br.iChat;
				PRODUCT_NAME = "$(TARGET_NAME)";
				SWIFT_EMIT_LOC_STRINGS = YES;
				SWIFT_VERSION = 5.0;
				TARGETED_DEVICE_FAMILY = "1,2";
			};
			name = Release;
		};
		8A5CEF75282D9EF300B1B1C9 /* Debug */ = {
			isa = XCBuildConfiguration;
			buildSettings = {
				ALWAYS_EMBED_SWIFT_STANDARD_LIBRARIES = YES;
				BUNDLE_LOADER = "$(TEST_HOST)";
				CODE_SIGN_STYLE = Automatic;
				CURRENT_PROJECT_VERSION = 1;
				DEVELOPMENT_TEAM = DGAMH8W8K9;
				GENERATE_INFOPLIST_FILE = YES;
				IPHONEOS_DEPLOYMENT_TARGET = 15.4;
				MARKETING_VERSION = 1.0;
				PRODUCT_BUNDLE_IDENTIFIER = mikawaii.com.br.iChatTests;
				PRODUCT_NAME = "$(TARGET_NAME)";
				SWIFT_EMIT_LOC_STRINGS = NO;
				SWIFT_VERSION = 5.0;
				TARGETED_DEVICE_FAMILY = "1,2";
				TEST_HOST = "$(BUILT_PRODUCTS_DIR)/iChat.app/iChat";
			};
			name = Debug;
		};
		8A5CEF76282D9EF300B1B1C9 /* Release */ = {
			isa = XCBuildConfiguration;
			buildSettings = {
				ALWAYS_EMBED_SWIFT_STANDARD_LIBRARIES = YES;
				BUNDLE_LOADER = "$(TEST_HOST)";
				CODE_SIGN_STYLE = Automatic;
				CURRENT_PROJECT_VERSION = 1;
				DEVELOPMENT_TEAM = DGAMH8W8K9;
				GENERATE_INFOPLIST_FILE = YES;
				IPHONEOS_DEPLOYMENT_TARGET = 15.4;
				MARKETING_VERSION = 1.0;
				PRODUCT_BUNDLE_IDENTIFIER = mikawaii.com.br.iChatTests;
				PRODUCT_NAME = "$(TARGET_NAME)";
				SWIFT_EMIT_LOC_STRINGS = NO;
				SWIFT_VERSION = 5.0;
				TARGETED_DEVICE_FAMILY = "1,2";
				TEST_HOST = "$(BUILT_PRODUCTS_DIR)/iChat.app/iChat";
			};
			name = Release;
		};
		8A5CEF78282D9EF300B1B1C9 /* Debug */ = {
			isa = XCBuildConfiguration;
			buildSettings = {
				ALWAYS_EMBED_SWIFT_STANDARD_LIBRARIES = YES;
				CODE_SIGN_STYLE = Automatic;
				CURRENT_PROJECT_VERSION = 1;
				DEVELOPMENT_TEAM = DGAMH8W8K9;
				GENERATE_INFOPLIST_FILE = YES;
				MARKETING_VERSION = 1.0;
				PRODUCT_BUNDLE_IDENTIFIER = mikawaii.com.br.iChatUITests;
				PRODUCT_NAME = "$(TARGET_NAME)";
				SWIFT_EMIT_LOC_STRINGS = NO;
				SWIFT_VERSION = 5.0;
				TARGETED_DEVICE_FAMILY = "1,2";
				TEST_TARGET_NAME = iChat;
			};
			name = Debug;
		};
		8A5CEF79282D9EF300B1B1C9 /* Release */ = {
			isa = XCBuildConfiguration;
			buildSettings = {
				ALWAYS_EMBED_SWIFT_STANDARD_LIBRARIES = YES;
				CODE_SIGN_STYLE = Automatic;
				CURRENT_PROJECT_VERSION = 1;
				DEVELOPMENT_TEAM = DGAMH8W8K9;
				GENERATE_INFOPLIST_FILE = YES;
				MARKETING_VERSION = 1.0;
				PRODUCT_BUNDLE_IDENTIFIER = mikawaii.com.br.iChatUITests;
				PRODUCT_NAME = "$(TARGET_NAME)";
				SWIFT_EMIT_LOC_STRINGS = NO;
				SWIFT_VERSION = 5.0;
				TARGETED_DEVICE_FAMILY = "1,2";
				TEST_TARGET_NAME = iChat;
			};
			name = Release;
		};
/* End XCBuildConfiguration section */

/* Begin XCConfigurationList section */
		8A5CEF48282D9EED00B1B1C9 /* Build configuration list for PBXProject "iChat" */ = {
			isa = XCConfigurationList;
			buildConfigurations = (
				8A5CEF6F282D9EF300B1B1C9 /* Debug */,
				8A5CEF70282D9EF300B1B1C9 /* Release */,
			);
			defaultConfigurationIsVisible = 0;
			defaultConfigurationName = Release;
		};
		8A5CEF71282D9EF300B1B1C9 /* Build configuration list for PBXNativeTarget "iChat" */ = {
			isa = XCConfigurationList;
			buildConfigurations = (
				8A5CEF72282D9EF300B1B1C9 /* Debug */,
				8A5CEF73282D9EF300B1B1C9 /* Release */,
			);
			defaultConfigurationIsVisible = 0;
			defaultConfigurationName = Release;
		};
		8A5CEF74282D9EF300B1B1C9 /* Build configuration list for PBXNativeTarget "iChatTests" */ = {
			isa = XCConfigurationList;
			buildConfigurations = (
				8A5CEF75282D9EF300B1B1C9 /* Debug */,
				8A5CEF76282D9EF300B1B1C9 /* Release */,
			);
			defaultConfigurationIsVisible = 0;
			defaultConfigurationName = Release;
		};
		8A5CEF77282D9EF300B1B1C9 /* Build configuration list for PBXNativeTarget "iChatUITests" */ = {
			isa = XCConfigurationList;
			buildConfigurations = (
				8A5CEF78282D9EF300B1B1C9 /* Debug */,
				8A5CEF79282D9EF300B1B1C9 /* Release */,
			);
			defaultConfigurationIsVisible = 0;
			defaultConfigurationName = Release;
		};
/* End XCConfigurationList section */
	};
	rootObject = 8A5CEF45282D9EED00B1B1C9 /* Project object */;
}
